
Microsoft Visual Studio Solution File, Format Version 12.00
# Visual Studio Version 17
VisualStudioVersion = 17.14.36310.24
MinimumVisualStudioVersion = 10.0.40219.1
Project("{FAE04EC0-301F-11D3-BF4B-00C04F79EFBC}") = "AdventOfCode2025", "AdventOfCode2025\AdventOfCode2025.csproj", "{6C4BFE9B-C8AB-4C2F-9AB4-F3D95A5BDEC2}"
EndProject
Project("{FAE04EC0-301F-11D3-BF4B-00C04F79EFBC}") = "Tests", "Tests\Tests.csproj", "{46914F59-F39D-4FB2-8294-AED7CD2C235D}"
EndProject
Global
	GlobalSection(SolutionConfigurationPlatforms) = preSolution
		Debug|Any CPU = Debug|Any CPU
		Release|Any CPU = Release|Any CPU
	EndGlobalSection
	GlobalSection(ProjectConfigurationPlatforms) = postSolution
		{6C4BFE9B-C8AB-4C2F-9AB4-F3D95A5BDEC2}.Debug|Any CPU.ActiveCfg = Debug|Any CPU
		{6C4BFE9B-C8AB-4C2F-9AB4-F3D95A5BDEC2}.Debug|Any CPU.Build.0 = Debug|Any CPU
		{6C4BFE9B-C8AB-4C2F-9AB4-F3D95A5BDEC2}.Release|Any CPU.ActiveCfg = Release|Any CPU
		{6C4BFE9B-C8AB-4C2F-9AB4-F3D95A5BDEC2}.Release|Any CPU.Build.0 = Release|Any CPU
		{46914F59-F39D-4FB2-8294-AED7CD2C235D}.Debug|Any CPU.ActiveCfg = Debug|Any CPU
		{46914F59-F39D-4FB2-8294-AED7CD2C235D}.Debug|Any CPU.Build.0 = Debug|Any CPU
		{46914F59-F39D-4FB2-8294-AED7CD2C235D}.Release|Any CPU.ActiveCfg = Release|Any CPU
		{46914F59-F39D-4FB2-8294-AED7CD2C235D}.Release|Any CPU.Build.0 = Release|Any CPU
	EndGlobalSection
	GlobalSection(SolutionProperties) = preSolution
		HideSolutionNode = FALSE
	EndGlobalSection
	GlobalSection(ExtensibilityGlobals) = postSolution
		SolutionGuid = {A9CDD12E-4FD6-4ED6-BDA1-CAB448848BCA}
	EndGlobalSection
EndGlobal
